
Microsoft Visual Studio Solution File, Format Version 12.00
# Visual Studio Version 17
VisualStudioVersion = 17.9.34728.123
MinimumVisualStudioVersion = 10.0.40219.1
Project("{2150E333-8FDC-42A3-9474-1A3956D46DE8}") = "4_Services", "4_Services", "{A97C2C18-A259-41BD-ABC4-66E4199BC6F2}"
EndProject
Project("{2150E333-8FDC-42A3-9474-1A3956D46DE8}") = "0_Catalog", "0_Catalog", "{4470A6ED-C9DC-4F7C-8F2E-1256D97495CD}"
EndProject
Project("{9A19103F-16F7-4668-BE54-9A1E7A4F7556}") = "Catalog.API", "Catalog.API\Catalog.API.csproj", "{72CA6510-1B25-4850-B1C8-AE422933E7CE}"
EndProject
Project("{2150E333-8FDC-42A3-9474-1A3956D46DE8}") = "1_Common", "1_Common", "{76A73E63-006D-4CFC-91D6-A0C0286DB623}"
EndProject
Project("{9A19103F-16F7-4668-BE54-9A1E7A4F7556}") = "Common", "Common\Common.csproj", "{4B99B872-4474-4228-9C5D-142F47CADB5B}"
EndProject
Project("{E53339B2-1760-4266-BCC7-CA923CBCF16C}") = "docker-compose", "docker-compose.dcproj", "{472C4FED-05DF-4892-9CD4-7BD68B894680}"
EndProject
Project("{2150E333-8FDC-42A3-9474-1A3956D46DE8}") = "1_Basket", "1_Basket", "{8576D428-9921-49A9-B478-EC1731F9DBF1}"
EndProject
Project("{9A19103F-16F7-4668-BE54-9A1E7A4F7556}") = "Basket.API", "Basket.API\Basket.API.csproj", "{2148B572-A8E7-438F-807F-21D7BE442006}"
EndProject
Project("{2150E333-8FDC-42A3-9474-1A3956D46DE8}") = "2_Discount", "2_Discount", "{19644316-E204-4551-87AD-03464BE9423C}"
EndProject
Project("{9A19103F-16F7-4668-BE54-9A1E7A4F7556}") = "Discount.Grpc", "Discount.Grpc\Discount.Grpc.csproj", "{AB220554-CBEC-41F9-90B3-89F7FF373E90}"
EndProject
Project("{2150E333-8FDC-42A3-9474-1A3956D46DE8}") = "3_Ordering", "3_Ordering", "{5E1AC601-D006-484E-AB42-0CC3D7D61E80}"
EndProject
Project("{9A19103F-16F7-4668-BE54-9A1E7A4F7556}") = "Ordering.API", "Ordering.API\Ordering.API.csproj", "{FC372477-5706-4DD1-9360-3EBCC2B1C9D0}"
EndProject
Project("{9A19103F-16F7-4668-BE54-9A1E7A4F7556}") = "Ordering.Application", "Ordering.Application\Ordering.Application.csproj", "{FBA8F741-EF24-4C95-9A8A-598B6D083574}"
EndProject
Project("{9A19103F-16F7-4668-BE54-9A1E7A4F7556}") = "Ordering.Domain", "Ordering.Domain\Ordering.Domain.csproj", "{C3BCDC83-5054-42DE-AC8F-E5B9C90A84A4}"
EndProject
Project("{9A19103F-16F7-4668-BE54-9A1E7A4F7556}") = "Ordering.Infrastructure", "Ordering.Infrastructure\Ordering.Infrastructure.csproj", "{4A88740A-C18C-4AD0-8458-5983EC467DB3}"
EndProject
Project("{9A19103F-16F7-4668-BE54-9A1E7A4F7556}") = "Common.Messaging", "Common.Messaging\Common.Messaging.csproj", "{AB47CB7B-3354-4EB7-9E7F-1B89A372480D}"
EndProject
Project("{2150E333-8FDC-42A3-9474-1A3956D46DE8}") = "2_ApiGatways", "2_ApiGatways", "{4F5D1759-2FB4-4BA6-A32E-A8996B989ED4}"
EndProject
Project("{9A19103F-16F7-4668-BE54-9A1E7A4F7556}") = "YarpApiGateway", "YarpApiGateway\YarpApiGateway.csproj", "{96490524-82FE-4AA3-A5A7-644327F78186}"
EndProject
Project("{2150E333-8FDC-42A3-9474-1A3956D46DE8}") = "3_ClienApplications", "3_ClienApplications", "{AF4977AE-A2C9-4BF6-A202-729D3162D054}"
EndProject
Project("{2150E333-8FDC-42A3-9474-1A3956D46DE8}") = "WebApps", "WebApps", "{C62ABE7D-E625-4457-A633-AB52947767C8}"
EndProject
Project("{9A19103F-16F7-4668-BE54-9A1E7A4F7556}") = "Shopping.Web", "Shopping.Web\Shopping.Web.csproj", "{BB2E3EB3-894B-419B-BFB2-F762A795B592}"
EndProject
Project("{2150E333-8FDC-42A3-9474-1A3956D46DE8}") = "0_Samples", "0_Samples", "{0CA2F141-7988-40F0-9F30-AD2AC61CE1C1}"
EndProject
Project("{FAE04EC0-301F-11D3-BF4B-00C04F79EFBC}") = "Samples", "..\Samples\Samples.csproj", "{A9DE83B6-0A57-4845-BAFC-095F8EF6EF15}"
EndProject
Project("{FAE04EC0-301F-11D3-BF4B-00C04F79EFBC}") = "Samples.Test", "..\Samples.Test\Samples.Test.csproj", "{0F88CF21-F43F-439A-9F5F-E0DDF9F286C9}"
EndProject
Global
	GlobalSection(SolutionConfigurationPlatforms) = preSolution
		Debug|Any CPU = Debug|Any CPU
		Release|Any CPU = Release|Any CPU
	EndGlobalSection
	GlobalSection(ProjectConfigurationPlatforms) = postSolution
		{72CA6510-1B25-4850-B1C8-AE422933E7CE}.Debug|Any CPU.ActiveCfg = Debug|Any CPU
		{72CA6510-1B25-4850-B1C8-AE422933E7CE}.Debug|Any CPU.Build.0 = Debug|Any CPU
		{72CA6510-1B25-4850-B1C8-AE422933E7CE}.Release|Any CPU.ActiveCfg = Release|Any CPU
		{72CA6510-1B25-4850-B1C8-AE422933E7CE}.Release|Any CPU.Build.0 = Release|Any CPU
		{4B99B872-4474-4228-9C5D-142F47CADB5B}.Debug|Any CPU.ActiveCfg = Debug|Any CPU
		{4B99B872-4474-4228-9C5D-142F47CADB5B}.Debug|Any CPU.Build.0 = Debug|Any CPU
		{4B99B872-4474-4228-9C5D-142F47CADB5B}.Release|Any CPU.ActiveCfg = Release|Any CPU
		{4B99B872-4474-4228-9C5D-142F47CADB5B}.Release|Any CPU.Build.0 = Release|Any CPU
		{472C4FED-05DF-4892-9CD4-7BD68B894680}.Debug|Any CPU.ActiveCfg = Debug|Any CPU
		{472C4FED-05DF-4892-9CD4-7BD68B894680}.Debug|Any CPU.Build.0 = Debug|Any CPU
		{472C4FED-05DF-4892-9CD4-7BD68B894680}.Release|Any CPU.ActiveCfg = Release|Any CPU
		{472C4FED-05DF-4892-9CD4-7BD68B894680}.Release|Any CPU.Build.0 = Release|Any CPU
		{2148B572-A8E7-438F-807F-21D7BE442006}.Debug|Any CPU.ActiveCfg = Debug|Any CPU
		{2148B572-A8E7-438F-807F-21D7BE442006}.Debug|Any CPU.Build.0 = Debug|Any CPU
		{2148B572-A8E7-438F-807F-21D7BE442006}.Release|Any CPU.ActiveCfg = Release|Any CPU
		{2148B572-A8E7-438F-807F-21D7BE442006}.Release|Any CPU.Build.0 = Release|Any CPU
		{AB220554-CBEC-41F9-90B3-89F7FF373E90}.Debug|Any CPU.ActiveCfg = Debug|Any CPU
		{AB220554-CBEC-41F9-90B3-89F7FF373E90}.Debug|Any CPU.Build.0 = Debug|Any CPU
		{AB220554-CBEC-41F9-90B3-89F7FF373E90}.Release|Any CPU.ActiveCfg = Release|Any CPU
		{AB220554-CBEC-41F9-90B3-89F7FF373E90}.Release|Any CPU.Build.0 = Release|Any CPU
		{FC372477-5706-4DD1-9360-3EBCC2B1C9D0}.Debug|Any CPU.ActiveCfg = Debug|Any CPU
		{FC372477-5706-4DD1-9360-3EBCC2B1C9D0}.Debug|Any CPU.Build.0 = Debug|Any CPU
		{FC372477-5706-4DD1-9360-3EBCC2B1C9D0}.Release|Any CPU.ActiveCfg = Release|Any CPU
		{FC372477-5706-4DD1-9360-3EBCC2B1C9D0}.Release|Any CPU.Build.0 = Release|Any CPU
		{FBA8F741-EF24-4C95-9A8A-598B6D083574}.Debug|Any CPU.ActiveCfg = Debug|Any CPU
		{FBA8F741-EF24-4C95-9A8A-598B6D083574}.Debug|Any CPU.Build.0 = Debug|Any CPU
		{FBA8F741-EF24-4C95-9A8A-598B6D083574}.Release|Any CPU.ActiveCfg = Release|Any CPU
		{FBA8F741-EF24-4C95-9A8A-598B6D083574}.Release|Any CPU.Build.0 = Release|Any CPU
		{C3BCDC83-5054-42DE-AC8F-E5B9C90A84A4}.Debug|Any CPU.ActiveCfg = Debug|Any CPU
		{C3BCDC83-5054-42DE-AC8F-E5B9C90A84A4}.Debug|Any CPU.Build.0 = Debug|Any CPU
		{C3BCDC83-5054-42DE-AC8F-E5B9C90A84A4}.Release|Any CPU.ActiveCfg = Release|Any CPU
		{C3BCDC83-5054-42DE-AC8F-E5B9C90A84A4}.Release|Any CPU.Build.0 = Release|Any CPU
		{4A88740A-C18C-4AD0-8458-5983EC467DB3}.Debug|Any CPU.ActiveCfg = Debug|Any CPU
		{4A88740A-C18C-4AD0-8458-5983EC467DB3}.Debug|Any CPU.Build.0 = Debug|Any CPU
		{4A88740A-C18C-4AD0-8458-5983EC467DB3}.Release|Any CPU.ActiveCfg = Release|Any CPU
		{4A88740A-C18C-4AD0-8458-5983EC467DB3}.Release|Any CPU.Build.0 = Release|Any CPU
		{AB47CB7B-3354-4EB7-9E7F-1B89A372480D}.Debug|Any CPU.ActiveCfg = Debug|Any CPU
		{AB47CB7B-3354-4EB7-9E7F-1B89A372480D}.Debug|Any CPU.Build.0 = Debug|Any CPU
		{AB47CB7B-3354-4EB7-9E7F-1B89A372480D}.Release|Any CPU.ActiveCfg = Release|Any CPU
		{AB47CB7B-3354-4EB7-9E7F-1B89A372480D}.Release|Any CPU.Build.0 = Release|Any CPU
		{96490524-82FE-4AA3-A5A7-644327F78186}.Debug|Any CPU.ActiveCfg = Debug|Any CPU
		{96490524-82FE-4AA3-A5A7-644327F78186}.Debug|Any CPU.Build.0 = Debug|Any CPU
		{96490524-82FE-4AA3-A5A7-644327F78186}.Release|Any CPU.ActiveCfg = Release|Any CPU
		{96490524-82FE-4AA3-A5A7-644327F78186}.Release|Any CPU.Build.0 = Release|Any CPU
		{BB2E3EB3-894B-419B-BFB2-F762A795B592}.Debug|Any CPU.ActiveCfg = Debug|Any CPU
		{BB2E3EB3-894B-419B-BFB2-F762A795B592}.Debug|Any CPU.Build.0 = Debug|Any CPU
		{BB2E3EB3-894B-419B-BFB2-F762A795B592}.Release|Any CPU.ActiveCfg = Release|Any CPU
		{BB2E3EB3-894B-419B-BFB2-F762A795B592}.Release|Any CPU.Build.0 = Release|Any CPU
		{A9DE83B6-0A57-4845-BAFC-095F8EF6EF15}.Debug|Any CPU.ActiveCfg = Debug|Any CPU
		{A9DE83B6-0A57-4845-BAFC-095F8EF6EF15}.Debug|Any CPU.Build.0 = Debug|Any CPU
		{A9DE83B6-0A57-4845-BAFC-095F8EF6EF15}.Release|Any CPU.ActiveCfg = Release|Any CPU
		{A9DE83B6-0A57-4845-BAFC-095F8EF6EF15}.Release|Any CPU.Build.0 = Release|Any CPU
		{0F88CF21-F43F-439A-9F5F-E0DDF9F286C9}.Debug|Any CPU.ActiveCfg = Debug|Any CPU
		{0F88CF21-F43F-439A-9F5F-E0DDF9F286C9}.Debug|Any CPU.Build.0 = Debug|Any CPU
		{0F88CF21-F43F-439A-9F5F-E0DDF9F286C9}.Release|Any CPU.ActiveCfg = Release|Any CPU
		{0F88CF21-F43F-439A-9F5F-E0DDF9F286C9}.Release|Any CPU.Build.0 = Release|Any CPU
	EndGlobalSection
	GlobalSection(SolutionProperties) = preSolution
		HideSolutionNode = FALSE
	EndGlobalSection
	GlobalSection(NestedProjects) = preSolution
		{4470A6ED-C9DC-4F7C-8F2E-1256D97495CD} = {A97C2C18-A259-41BD-ABC4-66E4199BC6F2}
		{72CA6510-1B25-4850-B1C8-AE422933E7CE} = {4470A6ED-C9DC-4F7C-8F2E-1256D97495CD}
		{4B99B872-4474-4228-9C5D-142F47CADB5B} = {76A73E63-006D-4CFC-91D6-A0C0286DB623}
		{8576D428-9921-49A9-B478-EC1731F9DBF1} = {A97C2C18-A259-41BD-ABC4-66E4199BC6F2}
		{2148B572-A8E7-438F-807F-21D7BE442006} = {8576D428-9921-49A9-B478-EC1731F9DBF1}
		{19644316-E204-4551-87AD-03464BE9423C} = {A97C2C18-A259-41BD-ABC4-66E4199BC6F2}
		{AB220554-CBEC-41F9-90B3-89F7FF373E90} = {19644316-E204-4551-87AD-03464BE9423C}
		{5E1AC601-D006-484E-AB42-0CC3D7D61E80} = {A97C2C18-A259-41BD-ABC4-66E4199BC6F2}
		{FC372477-5706-4DD1-9360-3EBCC2B1C9D0} = {5E1AC601-D006-484E-AB42-0CC3D7D61E80}
		{FBA8F741-EF24-4C95-9A8A-598B6D083574} = {5E1AC601-D006-484E-AB42-0CC3D7D61E80}
		{C3BCDC83-5054-42DE-AC8F-E5B9C90A84A4} = {5E1AC601-D006-484E-AB42-0CC3D7D61E80}
		{4A88740A-C18C-4AD0-8458-5983EC467DB3} = {5E1AC601-D006-484E-AB42-0CC3D7D61E80}
		{AB47CB7B-3354-4EB7-9E7F-1B89A372480D} = {76A73E63-006D-4CFC-91D6-A0C0286DB623}
		{96490524-82FE-4AA3-A5A7-644327F78186} = {4F5D1759-2FB4-4BA6-A32E-A8996B989ED4}
		{C62ABE7D-E625-4457-A633-AB52947767C8} = {AF4977AE-A2C9-4BF6-A202-729D3162D054}
		{BB2E3EB3-894B-419B-BFB2-F762A795B592} = {C62ABE7D-E625-4457-A633-AB52947767C8}
		{A9DE83B6-0A57-4845-BAFC-095F8EF6EF15} = {0CA2F141-7988-40F0-9F30-AD2AC61CE1C1}
		{0F88CF21-F43F-439A-9F5F-E0DDF9F286C9} = {0CA2F141-7988-40F0-9F30-AD2AC61CE1C1}
	EndGlobalSection
	GlobalSection(ExtensibilityGlobals) = postSolution
		SolutionGuid = {AA6DAF9E-BEBE-437C-9A9F-7E5EFD32DBDF}
	EndGlobalSection
EndGlobal
